
Microsoft Visual Studio Solution File, Format Version 12.00
# Visual Studio Version 17
VisualStudioVersion = 17.4.33122.133
MinimumVisualStudioVersion = 10.0.40219.1
Project("{2150E333-8FDC-42A3-9474-1A3956D46DE8}") = "Src", "Src", "{C59D0AAC-B522-4768-9B8B-1144BFBAB1F1}"
EndProject
Project("{2150E333-8FDC-42A3-9474-1A3956D46DE8}") = "Domain", "Domain", "{E5A50D7C-61C7-49C6-820D-01CFF3F78F63}"
EndProject
Project("{9A19103F-16F7-4668-BE54-9A1E7A4F7556}") = "Refah.Domain", "Refah.Domain\Refah.Domain.csproj", "{1164D97F-AF09-417F-9186-DC65DD7E2124}"
EndProject
Project("{2150E333-8FDC-42A3-9474-1A3956D46DE8}") = "Application", "Application", "{D1A2BE98-4DA7-4D84-BD13-EA02E7A6D367}"
EndProject
Project("{9A19103F-16F7-4668-BE54-9A1E7A4F7556}") = "Refah.Application.Contract", "Refah.Application.Contract\Refah.Application.Contract.csproj", "{7FDCFEB4-E09A-41D7-AE2D-46B82A3EC6F3}"
EndProject
Project("{9A19103F-16F7-4668-BE54-9A1E7A4F7556}") = "Refah.Application", "Refah.Application\Refah.Application.csproj", "{A3D241A2-BBFC-4BF9-ABDF-3AD69D0FBC02}"
EndProject
Project("{2150E333-8FDC-42A3-9474-1A3956D46DE8}") = "Infrastructure", "Infrastructure", "{58563B6D-294C-4644-9A58-3B55B59948D9}"
EndProject
Project("{9A19103F-16F7-4668-BE54-9A1E7A4F7556}") = "Refah.EntityFrameworkCore", "Refah.EntityFrameworkCore\Refah.EntityFrameworkCore.csproj", "{43B4548A-6515-4DFF-8077-C2C479B53F94}"
EndProject
Project("{2150E333-8FDC-42A3-9474-1A3956D46DE8}") = "Presentation", "Presentation", "{BB8EC00B-FEF0-47AF-976D-F263F65373ED}"
EndProject
Project("{9A19103F-16F7-4668-BE54-9A1E7A4F7556}") = "Refah.WebApi", "Refah.WebApi\Refah.WebApi.csproj", "{0425A1D6-6444-4FEF-A276-8D695F325784}"
EndProject
Global
	GlobalSection(SolutionConfigurationPlatforms) = preSolution
		Debug|Any CPU = Debug|Any CPU
		Release|Any CPU = Release|Any CPU
	EndGlobalSection
	GlobalSection(ProjectConfigurationPlatforms) = postSolution
		{1164D97F-AF09-417F-9186-DC65DD7E2124}.Debug|Any CPU.ActiveCfg = Debug|Any CPU
		{1164D97F-AF09-417F-9186-DC65DD7E2124}.Debug|Any CPU.Build.0 = Debug|Any CPU
		{1164D97F-AF09-417F-9186-DC65DD7E2124}.Release|Any CPU.ActiveCfg = Release|Any CPU
		{1164D97F-AF09-417F-9186-DC65DD7E2124}.Release|Any CPU.Build.0 = Release|Any CPU
		{7FDCFEB4-E09A-41D7-AE2D-46B82A3EC6F3}.Debug|Any CPU.ActiveCfg = Debug|Any CPU
		{7FDCFEB4-E09A-41D7-AE2D-46B82A3EC6F3}.Debug|Any CPU.Build.0 = Debug|Any CPU
		{7FDCFEB4-E09A-41D7-AE2D-46B82A3EC6F3}.Release|Any CPU.ActiveCfg = Release|Any CPU
		{7FDCFEB4-E09A-41D7-AE2D-46B82A3EC6F3}.Release|Any CPU.Build.0 = Release|Any CPU
		{A3D241A2-BBFC-4BF9-ABDF-3AD69D0FBC02}.Debug|Any CPU.ActiveCfg = Debug|Any CPU
		{A3D241A2-BBFC-4BF9-ABDF-3AD69D0FBC02}.Debug|Any CPU.Build.0 = Debug|Any CPU
		{A3D241A2-BBFC-4BF9-ABDF-3AD69D0FBC02}.Release|Any CPU.ActiveCfg = Release|Any CPU
		{A3D241A2-BBFC-4BF9-ABDF-3AD69D0FBC02}.Release|Any CPU.Build.0 = Release|Any CPU
		{43B4548A-6515-4DFF-8077-C2C479B53F94}.Debug|Any CPU.ActiveCfg = Debug|Any CPU
		{43B4548A-6515-4DFF-8077-C2C479B53F94}.Debug|Any CPU.Build.0 = Debug|Any CPU
		{43B4548A-6515-4DFF-8077-C2C479B53F94}.Release|Any CPU.ActiveCfg = Release|Any CPU
		{43B4548A-6515-4DFF-8077-C2C479B53F94}.Release|Any CPU.Build.0 = Release|Any CPU
		{0425A1D6-6444-4FEF-A276-8D695F325784}.Debug|Any CPU.ActiveCfg = Debug|Any CPU
		{0425A1D6-6444-4FEF-A276-8D695F325784}.Debug|Any CPU.Build.0 = Debug|Any CPU
		{0425A1D6-6444-4FEF-A276-8D695F325784}.Release|Any CPU.ActiveCfg = Release|Any CPU
		{0425A1D6-6444-4FEF-A276-8D695F325784}.Release|Any CPU.Build.0 = Release|Any CPU
	EndGlobalSection
	GlobalSection(SolutionProperties) = preSolution
		HideSolutionNode = FALSE
	EndGlobalSection
	GlobalSection(NestedProjects) = preSolution
		{E5A50D7C-61C7-49C6-820D-01CFF3F78F63} = {C59D0AAC-B522-4768-9B8B-1144BFBAB1F1}
		{1164D97F-AF09-417F-9186-DC65DD7E2124} = {E5A50D7C-61C7-49C6-820D-01CFF3F78F63}
		{D1A2BE98-4DA7-4D84-BD13-EA02E7A6D367} = {C59D0AAC-B522-4768-9B8B-1144BFBAB1F1}
		{7FDCFEB4-E09A-41D7-AE2D-46B82A3EC6F3} = {D1A2BE98-4DA7-4D84-BD13-EA02E7A6D367}
		{A3D241A2-BBFC-4BF9-ABDF-3AD69D0FBC02} = {D1A2BE98-4DA7-4D84-BD13-EA02E7A6D367}
		{58563B6D-294C-4644-9A58-3B55B59948D9} = {C59D0AAC-B522-4768-9B8B-1144BFBAB1F1}
		{43B4548A-6515-4DFF-8077-C2C479B53F94} = {58563B6D-294C-4644-9A58-3B55B59948D9}
		{BB8EC00B-FEF0-47AF-976D-F263F65373ED} = {C59D0AAC-B522-4768-9B8B-1144BFBAB1F1}
		{0425A1D6-6444-4FEF-A276-8D695F325784} = {BB8EC00B-FEF0-47AF-976D-F263F65373ED}
	EndGlobalSection
	GlobalSection(ExtensibilityGlobals) = postSolution
		SolutionGuid = {7ED3F86F-BB44-4D68-8BB6-6546F476E0D0}
	EndGlobalSection
EndGlobal
